
Microsoft Visual Studio Solution File, Format Version 12.00
# Visual Studio 15
VisualStudioVersion = 15.0.28307.421
MinimumVisualStudioVersion = 10.0.40219.1
Project("{FAE04EC0-301F-11D3-BF4B-00C04F79EFBC}") = "Supercluster.KDTree", "KDTree\Supercluster.KDTree.csproj", "{D35C4E61-DC99-4AD1-9A36-2F1E723F32C9}"
EndProject
Project("{FAE04EC0-301F-11D3-BF4B-00C04F79EFBC}") = "KDTreeTests", "KDTreeTests\KDTreeTests.csproj", "{ECE0D8B6-16B0-4C0D-AF1F-EE0C819EC9C1}"
EndProject
Global
	GlobalSection(SolutionConfigurationPlatforms) = preSolution
		Debug|Any CPU = Debug|Any CPU
		Debug|x64 = Debug|x64
		Release|Any CPU = Release|Any CPU
		Release|x64 = Release|x64
	EndGlobalSection
	GlobalSection(ProjectConfigurationPlatforms) = postSolution
		{D35C4E61-DC99-4AD1-9A36-2F1E723F32C9}.Debug|Any CPU.ActiveCfg = Debug|Any CPU
		{D35C4E61-DC99-4AD1-9A36-2F1E723F32C9}.Debug|Any CPU.Build.0 = Debug|Any CPU
		{D35C4E61-DC99-4AD1-9A36-2F1E723F32C9}.Debug|x64.ActiveCfg = Debug|x64
		{D35C4E61-DC99-4AD1-9A36-2F1E723F32C9}.Debug|x64.Build.0 = Debug|x64
		{D35C4E61-DC99-4AD1-9A36-2F1E723F32C9}.Release|Any CPU.ActiveCfg = Release|Any CPU
		{D35C4E61-DC99-4AD1-9A36-2F1E723F32C9}.Release|Any CPU.Build.0 = Release|Any CPU
		{D35C4E61-DC99-4AD1-9A36-2F1E723F32C9}.Release|x64.ActiveCfg = Release|x64
		{D35C4E61-DC99-4AD1-9A36-2F1E723F32C9}.Release|x64.Build.0 = Release|x64
		{ECE0D8B6-16B0-4C0D-AF1F-EE0C819EC9C1}.Debug|Any CPU.ActiveCfg = Debug|Any CPU
		{ECE0D8B6-16B0-4C0D-AF1F-EE0C819EC9C1}.Debug|Any CPU.Build.0 = Debug|Any CPU
		{ECE0D8B6-16B0-4C0D-AF1F-EE0C819EC9C1}.Debug|x64.ActiveCfg = Debug|x64
		{ECE0D8B6-16B0-4C0D-AF1F-EE0C819EC9C1}.Debug|x64.Build.0 = Debug|x64
		{ECE0D8B6-16B0-4C0D-AF1F-EE0C819EC9C1}.Release|Any CPU.ActiveCfg = Release|Any CPU
		{ECE0D8B6-16B0-4C0D-AF1F-EE0C819EC9C1}.Release|Any CPU.Build.0 = Release|Any CPU
		{ECE0D8B6-16B0-4C0D-AF1F-EE0C819EC9C1}.Release|x64.ActiveCfg = Release|x64
		{ECE0D8B6-16B0-4C0D-AF1F-EE0C819EC9C1}.Release|x64.Build.0 = Release|x64
	EndGlobalSection
	GlobalSection(SolutionProperties) = preSolution
		HideSolutionNode = FALSE
	EndGlobalSection
	GlobalSection(ExtensibilityGlobals) = postSolution
		SolutionGuid = {54AA3BEF-B4A8-4563-A802-5C79576934D0}
	EndGlobalSection
EndGlobal
